<?xml version="1.0" encoding="utf-8"?>
<Project ToolsVersion="4.0" xmlns="http://schemas.microsoft.com/developer/msbuild/2003">
  <ItemGroup>
    <ClCompile Include="Game.cpp" />
    <ClCompile Include="main.cpp" />
    <ClCompile Include="Terrain.cpp" />
    <ClCompile Include="Unit.cpp" />
  </ItemGroup>
  <ItemGroup>
    <ClInclude Include="Enums.h" />
    <ClInclude Include="Exceptions.h" />
    <ClInclude Include="Game.h" />
    <ClInclude Include="ResourceHolder.h" />
    <ClInclude Include="ResourceIdentifier.h" />
    <ClInclude Include="Terrain.h" />
    <ClInclude Include="Unit.h" />
    <ClInclude Include="v2f_from_v2i.h" />
  </ItemGroup>
</Project>